# This file is automatically @generated by Cargo.
# It is not intended for manual editing.
version = 4

[[package]]
name = "bitflags"
version = "2.9.1"
source = "registry+https://github.com/rust-lang/crates.io-index"
checksum = "1b8e56985ec62d17e9c1001dc89c88ecd7dc08e47eba5ec7c29c7b5eeecde967"

[[package]]
name = "limine"
version = "0.4.0"
source = "registry+https://github.com/rust-lang/crates.io-index"
checksum = "6e6cb7fd182815ec1ea9e26061418ac37c3eebea47a14e773c563533f277bcef"
dependencies = [
 "bitflags",
]

[[package]]
name = "noob-os"
version = "0.1.0"
dependencies = [
 "limine",
]
